{
  "name": "fgc-client",
  "version": "1.0.0",
  "lockfileVersion": 1,
  "requires": true,
  "dependencies": {
    "@next/env": {
      "version": "13.0.2",
      "resolved": "https://registry.npmjs.org/@next/env/-/env-13.0.2.tgz",
      "integrity": "sha512-Qb6WPuRriGIQ19qd6NBxpcrFOfj8ziN7l9eZUfwff5gl4zLXluqtuZPddYZM/oWjN53ZYcuRXzL+oowKyJeYtA=="
    },
    "@next/swc-android-arm-eabi": {
      "version": "13.0.2",
      "resolved": "https://registry.npmjs.org/@next/swc-android-arm-eabi/-/swc-android-arm-eabi-13.0.2.tgz",
      "integrity": "sha512-X54UQCTFyOGnJP//Z71dPPlp4BCYcQL2ncikKXQcPzVpqPs4C3m+tKC8ivBNH6edAXkppwsLRz1/yQwgSZ9Swg==",
      "optional": true
    },
    "@next/swc-android-arm64": {
      "version": "13.0.2",
      "resolved": "https://registry.npmjs.org/@next/swc-android-arm64/-/swc-android-arm64-13.0.2.tgz",
      "integrity": "sha512-1P00Kv8uKaLubqo7JzPrTqgFAzSOmfb8iwqJrOb9in5IvTRtNGlkR4hU0sXzqbQNM/+SaYxze6Z5ry1IDyb/cQ==",
      "optional": true
    },
    "@next/swc-darwin-arm64": {
      "version": "13.0.2",
      "resolved": "https://registry.npmjs.org/@next/swc-darwin-arm64/-/swc-darwin-arm64-13.0.2.tgz",
      "integrity": "sha512-1zGIOkInkOLRv0QQGZ+3wffYsyKI4vIy62LYTvDWUn7TAYqnmXwougp9NSLqDeagLwgsv2URrykyAFixA/YqxA==",
      "optional": true
    },
    "@next/swc-darwin-x64": {
      "version": "13.0.2",
      "resolved": "https://registry.npmjs.org/@next/swc-darwin-x64/-/swc-darwin-x64-13.0.2.tgz",
      "integrity": "sha512-ECDAjoMP1Y90cARaelS6X+k6BQx+MikAYJ8f/eaJrLur44NIOYc9HA/dgcTp5jenguY4yT8V+HCquLjAVle6fA==",
      "optional": true
    },
    "@next/swc-freebsd-x64": {
      "version": "13.0.2",
      "resolved": "https://registry.npmjs.org/@next/swc-freebsd-x64/-/swc-freebsd-x64-13.0.2.tgz",
      "integrity": "sha512-2DcL/ofQdBnQX3IoI9sjlIAyLCD1oZoUBuhrhWbejvBQjutWrI0JTEv9uG69WcxWhVMm3BCsjv8GK2/68OKp7A==",
      "optional": true
    },
    "@next/swc-linux-arm-gnueabihf": {
      "version": "13.0.2",
      "resolved": "https://registry.npmjs.org/@next/swc-linux-arm-gnueabihf/-/swc-linux-arm-gnueabihf-13.0.2.tgz",
      "integrity": "sha512-Y3OQF1CSBSWW2vGkmvOIuOUNqOq8qX7f1ZpcKUVWP3/Uq++DZmVi9d18lgnSe1I3QFqc+nXWyun9ljsN83j0sw==",
      "optional": true
    },
    "@next/swc-linux-arm64-gnu": {
      "version": "13.0.2",
      "resolved": "https://registry.npmjs.org/@next/swc-linux-arm64-gnu/-/swc-linux-arm64-gnu-13.0.2.tgz",
      "integrity": "sha512-mNyzwsFF6kwZYEjnGicx9ksDZYEZvyzEc1BtCu8vdZi/v8UeixQwCiAT6FyYX9uxMPEkzk8qiU0t0u9gvltsKw==",
      "optional": true
    },
    "@next/swc-linux-arm64-musl": {
      "version": "13.0.2",
      "resolved": "https://registry.npmjs.org/@next/swc-linux-arm64-musl/-/swc-linux-arm64-musl-13.0.2.tgz",
      "integrity": "sha512-M6SdYjWgRrY3tJBxz0663zCRPTu5BRONmxlftKWWHv9LjAJ59neTLaGj4rp0A08DkJglZIoCkLOzLrzST6TGag==",
      "optional": true
    },
    "@next/swc-linux-x64-gnu": {
      "version": "13.0.2",
      "resolved": "https://registry.npmjs.org/@next/swc-linux-x64-gnu/-/swc-linux-x64-gnu-13.0.2.tgz",
      "integrity": "sha512-pi63RoxvG4ES1KS06Zpm0MATVIXTs/TIbLbdckeLoM40u1d3mQl/+hSSrLRSxzc2OtyL8fh92sM4gkJrQXAMAw==",
      "optional": true
    },
    "@next/swc-linux-x64-musl": {
      "version": "13.0.2",
      "resolved": "https://registry.npmjs.org/@next/swc-linux-x64-musl/-/swc-linux-x64-musl-13.0.2.tgz",
      "integrity": "sha512-9Pv91gfYnDONgjtRm78n64b/c54+azeHtlnqBLTnIFWSMBDRl1/WDkhKWIj3fBGPLimtK7Tko3ULR3og9RRUPw==",
      "optional": true
    },
    "@next/swc-win32-arm64-msvc": {
      "version": "13.0.2",
      "resolved": "https://registry.npmjs.org/@next/swc-win32-arm64-msvc/-/swc-win32-arm64-msvc-13.0.2.tgz",
      "integrity": "sha512-Nvewe6YZaizAkGHHprbMkYqQulBjZCHKBGKeFPwoPtOA+a2Qi4pZzc/qXFyC5/2A6Z0mr2U1zg9rd04WBYMwBw==",
      "optional": true
    },
    "@next/swc-win32-ia32-msvc": {
      "version": "13.0.2",
      "resolved": "https://registry.npmjs.org/@next/swc-win32-ia32-msvc/-/swc-win32-ia32-msvc-13.0.2.tgz",
      "integrity": "sha512-ZUBYGZw5G3QrqDpRq1EWi3aHmvPZM8ijK5TFL6UbH16cYQ0JpANmuG2P66KB93Qe/lWWzbeAZk/tj1XqwoCuPA==",
      "optional": true
    },
    "@next/swc-win32-x64-msvc": {
      "version": "13.0.2",
      "resolved": "https://registry.npmjs.org/@next/swc-win32-x64-msvc/-/swc-win32-x64-msvc-13.0.2.tgz",
      "integrity": "sha512-fA9uW1dm7C0mEYGcKlbmLcVm2sKcye+1kPxh2cM4jVR+kQQMtHWsjIzeSpe2grQLSDan06z4n6hbr8b1c3hA8w==",
      "optional": true
    },
    "@swc/helpers": {
      "version": "0.4.11",
      "resolved": "https://registry.npmjs.org/@swc/helpers/-/helpers-0.4.11.tgz",
      "integrity": "sha512-rEUrBSGIoSFuYxwBYtlUFMlE2CwGhmW+w9355/5oduSw8e5h2+Tj4UrAGNNgP9915++wj5vkQo0UuOBqOAq4nw==",
      "requires": {
        "tslib": "^2.4.0"
      }
    },
    "bail": {
      "version": "1.0.5",
      "resolved": "https://icsrepo.churchofjesuschrist.org/artifactory/api/npm/npm-ics/bail/-/bail-1.0.5.tgz",
      "integrity": "sha1-tvoTNASjksvB+MS/Y/WVM1Hnp3Y="
    },
    "caniuse-lite": {
      "version": "1.0.30001431",
      "resolved": "https://registry.npmjs.org/caniuse-lite/-/caniuse-lite-1.0.30001431.tgz",
      "integrity": "sha512-zBUoFU0ZcxpvSt9IU66dXVT/3ctO1cy4y9cscs1szkPlcWb6pasYM144GqrUygUbT+k7cmUCW61cvskjcv0enQ=="
    },
    "character-entities": {
      "version": "1.2.4",
      "resolved": "https://icsrepo.churchofjesuschrist.org/artifactory/api/npm/npm-ics/character-entities/-/character-entities-1.2.4.tgz",
      "integrity": "sha1-4Sw5Obfq9OWxXnrUxeKOHUjFsWs="
    },
    "character-entities-legacy": {
      "version": "1.1.4",
      "resolved": "https://icsrepo.churchofjesuschrist.org/artifactory/api/npm/npm-ics/character-entities-legacy/-/character-entities-legacy-1.1.4.tgz",
      "integrity": "sha1-lLwYRdznClu50uzHSHJWYSk9j8E="
    },
    "character-reference-invalid": {
      "version": "1.1.4",
      "resolved": "https://icsrepo.churchofjesuschrist.org/artifactory/api/npm/npm-ics/character-reference-invalid/-/character-reference-invalid-1.1.4.tgz",
      "integrity": "sha1-CDMpzaDq4nKrPbvzfpo4LBOvFWA="
    },
    "client-only": {
      "version": "0.0.1",
      "resolved": "https://registry.npmjs.org/client-only/-/client-only-0.0.1.tgz",
      "integrity": "sha512-IV3Ou0jSMzZrd3pZ48nLkT9DA7Ag1pnPzaiQhpW7c3RbcqqzvzzVu+L8gfqMp/8IM2MQtSiqaCxrrcfu8I8rMA=="
    },
    "collapse-white-space": {
      "version": "1.0.6",
      "resolved": "https://icsrepo.churchofjesuschrist.org/artifactory/api/npm/npm-ics/collapse-white-space/-/collapse-white-space-1.0.6.tgz",
      "integrity": "sha1-5jYpwAFmZXkgYNu+t5xCI50sUoc="
    },
    "cross-env": {
      "version": "7.0.2",
      "resolved": "https://icsrepo.churchofjesuschrist.org/artifactory/api/npm/npm-ics/cross-env/-/cross-env-7.0.2.tgz",
      "integrity": "sha1-vV7TEzmpOjQYrE88qco0Awgq5fk=",
      "dev": true,
      "requires": {
        "cross-spawn": "^7.0.1"
      }
    },
    "cross-spawn": {
      "version": "7.0.1",
      "resolved": "https://icsrepo.churchofjesuschrist.org/artifactory/api/npm/npm-ics/cross-spawn/-/cross-spawn-7.0.1.tgz",
      "integrity": "sha1-CrVihuD3wk4VPQTMKqAn5DqaXRQ=",
      "dev": true,
      "requires": {
        "path-key": "^3.1.0",
        "shebang-command": "^2.0.0",
        "which": "^2.0.1"
      }
    },
    "dom-serializer": {
      "version": "0.2.2",
      "resolved": "https://icsrepo.churchofjesuschrist.org/artifactory/api/npm/npm-ics/dom-serializer/-/dom-serializer-0.2.2.tgz",
      "integrity": "sha1-GvuB9TNxcXXUeGVd68XjMtn5u1E=",
      "requires": {
        "domelementtype": "^2.0.1",
        "entities": "^2.0.0"
      }
    },
    "domelementtype": {
      "version": "2.0.1",
      "resolved": "https://icsrepo.churchofjesuschrist.org/artifactory/api/npm/npm-ics/domelementtype/-/domelementtype-2.0.1.tgz",
      "integrity": "sha1-H4vf6R9aeAYydOgDtL3O326U+U0="
    },
    "domhandler": {
      "version": "3.0.0",
      "resolved": "https://icsrepo.churchofjesuschrist.org/artifactory/api/npm/npm-ics/domhandler/-/domhandler-3.0.0.tgz",
      "integrity": "sha1-Uc0T78ox2pW7sMW+46SDAOMzs+k=",
      "requires": {
        "domelementtype": "^2.0.1"
      }
    },
    "domutils": {
      "version": "2.0.0",
      "resolved": "https://icsrepo.churchofjesuschrist.org/artifactory/api/npm/npm-ics/domutils/-/domutils-2.0.0.tgz",
      "integrity": "sha1-Fbgnjje/qEaNFXR4xYw2dxgTPAg=",
      "requires": {
        "dom-serializer": "^0.2.1",
        "domelementtype": "^2.0.1",
        "domhandler": "^3.0.0"
      }
    },
    "entities": {
      "version": "2.0.0",
      "resolved": "https://icsrepo.churchofjesuschrist.org/artifactory/api/npm/npm-ics/entities/-/entities-2.0.0.tgz",
      "integrity": "sha1-aNYITKsbB5dnVA2A5Wo5tCPkq/Q="
    },
    "extend": {
      "version": "3.0.2",
      "resolved": "https://icsrepo.churchofjesuschrist.org/artifactory/api/npm/npm-ics/extend/-/extend-3.0.2.tgz",
      "integrity": "sha1-+LETa0Bx+9jrFAr/hYsQGewpFfo="
    },
    "html-to-react": {
      "version": "1.4.2",
      "resolved": "https://icsrepo.churchofjesuschrist.org/artifactory/api/npm/npm-ics/html-to-react/-/html-to-react-1.4.2.tgz",
      "integrity": "sha1-e2KKtWzWOlLy0LedD6g4pR8Iilc=",
      "requires": {
        "domhandler": "^3.0",
        "htmlparser2": "^4.0",
        "lodash.camelcase": "^4.3.0",
        "ramda": "^0.26"
      }
    },
    "htmlparser2": {
      "version": "4.1.0",
      "resolved": "https://icsrepo.churchofjesuschrist.org/artifactory/api/npm/npm-ics/htmlparser2/-/htmlparser2-4.1.0.tgz",
      "integrity": "sha1-mk7xYfLkYl6/ffvmwKL1LRilnng=",
      "requires": {
        "domelementtype": "^2.0.1",
        "domhandler": "^3.0.0",
        "domutils": "^2.0.0",
        "entities": "^2.0.0"
      }
    },
    "inherits": {
      "version": "2.0.4",
      "resolved": "https://icsrepo.churchofjesuschrist.org/artifactory/api/npm/npm-ics/inherits/-/inherits-2.0.4.tgz",
      "integrity": "sha1-D6LGT5MpF8NDOg3tVTY6rjdBa3w="
    },
    "is-alphabetical": {
      "version": "1.0.4",
      "resolved": "https://icsrepo.churchofjesuschrist.org/artifactory/api/npm/npm-ics/is-alphabetical/-/is-alphabetical-1.0.4.tgz",
      "integrity": "sha1-nn1rlJFr4iFTdF0YTCmMv5hqaG0="
    },
    "is-alphanumerical": {
      "version": "1.0.4",
      "resolved": "https://icsrepo.churchofjesuschrist.org/artifactory/api/npm/npm-ics/is-alphanumerical/-/is-alphanumerical-1.0.4.tgz",
      "integrity": "sha1-frmiQx+FX2se8aeOMm31FWlsTb8=",
      "requires": {
        "is-alphabetical": "^1.0.0",
        "is-decimal": "^1.0.0"
      }
    },
    "is-buffer": {
      "version": "1.1.6",
      "resolved": "https://icsrepo.churchofjesuschrist.org/artifactory/api/npm/npm-ics/is-buffer/-/is-buffer-1.1.6.tgz",
      "integrity": "sha1-76ouqdqg16suoTqXsritUf776L4="
    },
    "is-decimal": {
      "version": "1.0.4",
      "resolved": "https://icsrepo.churchofjesuschrist.org/artifactory/api/npm/npm-ics/is-decimal/-/is-decimal-1.0.4.tgz",
      "integrity": "sha1-ZaOllYocW2OnBuGzM9fNn2MNP6U="
    },
    "is-hexadecimal": {
      "version": "1.0.4",
      "resolved": "https://icsrepo.churchofjesuschrist.org/artifactory/api/npm/npm-ics/is-hexadecimal/-/is-hexadecimal-1.0.4.tgz",
      "integrity": "sha1-zDXJdYjaS9Saju3WvECC1E3LI6c="
    },
    "is-plain-obj": {
      "version": "1.1.0",
      "resolved": "https://icsrepo.churchofjesuschrist.org/artifactory/api/npm/npm-ics/is-plain-obj/-/is-plain-obj-1.1.0.tgz",
      "integrity": "sha1-caUMhCnfync8kqOQpKA7OfzVHT4="
    },
    "is-whitespace-character": {
      "version": "1.0.4",
      "resolved": "https://icsrepo.churchofjesuschrist.org/artifactory/api/npm/npm-ics/is-whitespace-character/-/is-whitespace-character-1.0.4.tgz",
      "integrity": "sha1-CFjt2UqVWUx8ndC1wXTsbkXuSqc="
    },
    "is-word-character": {
      "version": "1.0.4",
      "resolved": "https://icsrepo.churchofjesuschrist.org/artifactory/api/npm/npm-ics/is-word-character/-/is-word-character-1.0.4.tgz",
      "integrity": "sha1-zg5zIW+YWZBgWS9i/zE1TdvrAjA="
    },
    "isexe": {
      "version": "2.0.0",
      "resolved": "https://registry.npmjs.org/isexe/-/isexe-2.0.0.tgz",
      "integrity": "sha1-6PvzdNxVb/iUehDcsFctYz8s+hA=",
      "dev": true
    },
    "isomorphic-unfetch": {
      "version": "3.0.0",
      "resolved": "https://icsrepo.churchofjesuschrist.org/artifactory/api/npm/npm-ics/isomorphic-unfetch/-/isomorphic-unfetch-3.0.0.tgz",
      "integrity": "sha1-3m2Aq95IexfeLEAKfvnl7MLvs2I=",
      "requires": {
        "node-fetch": "^2.2.0",
        "unfetch": "^4.0.0"
      }
    },
    "js-tokens": {
      "version": "4.0.0",
      "resolved": "https://icsrepo.churchofjesuschrist.org/artifactory/api/npm/npm-ics/js-tokens/-/js-tokens-4.0.0.tgz",
      "integrity": "sha1-GSA/tZmR35jjoocFDUZHzerzJJk="
    },
    "lodash.camelcase": {
      "version": "4.3.0",
      "resolved": "https://icsrepo.churchofjesuschrist.org/artifactory/api/npm/npm-ics/lodash.camelcase/-/lodash.camelcase-4.3.0.tgz",
      "integrity": "sha1-soqmKIorn8ZRA1x3EfZathkDMaY="
    },
    "loose-envify": {
      "version": "1.4.0",
      "resolved": "https://icsrepo.churchofjesuschrist.org/artifactory/api/npm/npm-ics/loose-envify/-/loose-envify-1.4.0.tgz",
      "integrity": "sha1-ce5R+nvkyuwaY4OffmgtgTLTDK8=",
      "requires": {
        "js-tokens": "^3.0.0 || ^4.0.0"
      }
    },
    "markdown-escapes": {
      "version": "1.0.4",
      "resolved": "https://icsrepo.churchofjesuschrist.org/artifactory/api/npm/npm-ics/markdown-escapes/-/markdown-escapes-1.0.4.tgz",
      "integrity": "sha1-yVQV70UUmddgK5EJXzyOiXX3hTU="
    },
    "mdast-add-list-metadata": {
      "version": "1.0.1",
      "resolved": "https://icsrepo.churchofjesuschrist.org/artifactory/api/npm/npm-ics/mdast-add-list-metadata/-/mdast-add-list-metadata-1.0.1.tgz",
      "integrity": "sha1-lec2QM4vwfoty37EQ9CeK/59tM8=",
      "requires": {
        "unist-util-visit-parents": "1.1.2"
      }
    },
    "nanoid": {
      "version": "3.3.4",
      "resolved": "https://registry.npmjs.org/nanoid/-/nanoid-3.3.4.tgz",
      "integrity": "sha512-MqBkQh/OHTS2egovRtLk45wEyNXwF+cokD+1YPf9u5VfJiRdAiRwB2froX5Co9Rh20xs4siNPm8naNotSD6RBw=="
    },
    "next": {
      "version": "13.0.2",
      "resolved": "https://registry.npmjs.org/next/-/next-13.0.2.tgz",
      "integrity": "sha512-uQ5z5e4D9mOe8+upy6bQdYYjo/kk1v3jMW87kTy2TgAyAsEO+CkwRnMgyZ4JoHEnhPZLHwh7dk0XymRNLe1gFw==",
      "requires": {
        "@next/env": "13.0.2",
        "@next/swc-android-arm-eabi": "13.0.2",
        "@next/swc-android-arm64": "13.0.2",
        "@next/swc-darwin-arm64": "13.0.2",
        "@next/swc-darwin-x64": "13.0.2",
        "@next/swc-freebsd-x64": "13.0.2",
        "@next/swc-linux-arm-gnueabihf": "13.0.2",
        "@next/swc-linux-arm64-gnu": "13.0.2",
        "@next/swc-linux-arm64-musl": "13.0.2",
        "@next/swc-linux-x64-gnu": "13.0.2",
        "@next/swc-linux-x64-musl": "13.0.2",
        "@next/swc-win32-arm64-msvc": "13.0.2",
        "@next/swc-win32-ia32-msvc": "13.0.2",
        "@next/swc-win32-x64-msvc": "13.0.2",
        "@swc/helpers": "0.4.11",
        "caniuse-lite": "^1.0.30001406",
        "postcss": "8.4.14",
        "styled-jsx": "5.1.0",
        "use-sync-external-store": "1.2.0"
      }
    },
    "node-fetch": {
      "version": "2.6.0",
      "resolved": "https://icsrepo.churchofjesuschrist.org/artifactory/api/npm/npm-ics/node-fetch/-/node-fetch-2.6.0.tgz",
      "integrity": "sha1-5jNFY4bUqlWGP2dqerDaqP3ssP0="
    },
    "now": {
      "version": "17.1.1",
      "resolved": "https://icsrepo.churchofjesuschrist.org/artifactory/api/npm/npm-ics/now/-/now-17.1.1.tgz",
      "integrity": "sha1-Xl+t4Xw/nDt+OQC+P+v3whx9aTU=",
      "dev": true
    },
    "object-assign": {
      "version": "4.1.1",
      "resolved": "https://icsrepo.churchofjesuschrist.org/artifactory/api/npm/npm-ics/object-assign/-/object-assign-4.1.1.tgz",
      "integrity": "sha1-IQmtx5ZYh8/AXLvUQsrIv7s2CGM="
    },
    "parse-entities": {
      "version": "1.2.2",
      "resolved": "https://icsrepo.churchofjesuschrist.org/artifactory/api/npm/npm-ics/parse-entities/-/parse-entities-1.2.2.tgz",
      "integrity": "sha1-wxvw9lO2ZhNU+Jc1WcuG3R1e31A=",
      "requires": {
        "character-entities": "^1.0.0",
        "character-entities-legacy": "^1.0.0",
        "character-reference-invalid": "^1.0.0",
        "is-alphanumerical": "^1.0.0",
        "is-decimal": "^1.0.0",
        "is-hexadecimal": "^1.0.0"
      }
    },
    "path-key": {
      "version": "3.1.1",
      "resolved": "https://icsrepo.churchofjesuschrist.org/artifactory/api/npm/npm-ics/path-key/-/path-key-3.1.1.tgz",
      "integrity": "sha1-WB9q3mWMu6ZaDTOA3ndTKVBU83U=",
      "dev": true
    },
    "picocolors": {
      "version": "1.0.0",
      "resolved": "https://registry.npmjs.org/picocolors/-/picocolors-1.0.0.tgz",
      "integrity": "sha512-1fygroTLlHu66zi26VoTDv8yRgm0Fccecssto+MhsZ0D/DGW2sm8E8AjW7NU5VVTRt5GxbeZ5qBuJr+HyLYkjQ=="
    },
    "postcss": {
      "version": "8.4.14",
      "resolved": "https://registry.npmjs.org/postcss/-/postcss-8.4.14.tgz",
      "integrity": "sha512-E398TUmfAYFPBSdzgeieK2Y1+1cpdxJx8yXbK/m57nRhKSmk1GB2tO4lbLBtlkfPQTDKfe4Xqv1ASWPpayPEig==",
      "requires": {
        "nanoid": "^3.3.4",
        "picocolors": "^1.0.0",
        "source-map-js": "^1.0.2"
      }
    },
    "prettier": {
      "version": "2.0.4",
      "resolved": "https://icsrepo.churchofjesuschrist.org/artifactory/api/npm/npm-ics/prettier/-/prettier-2.0.4.tgz",
      "integrity": "sha1-LRuuFz41WZbuNV7Jgwp6HuBUV+8=",
      "dev": true
    },
    "prop-types": {
      "version": "15.7.2",
      "resolved": "https://icsrepo.churchofjesuschrist.org/artifactory/api/npm/npm-ics/prop-types/-/prop-types-15.7.2.tgz",
      "integrity": "sha1-UsQedbjIfnK52TYOAga5ncv/psU=",
      "requires": {
        "loose-envify": "^1.4.0",
        "object-assign": "^4.1.1",
        "react-is": "^16.8.1"
      }
    },
    "ramda": {
      "version": "0.26.1",
      "resolved": "https://icsrepo.churchofjesuschrist.org/artifactory/api/npm/npm-ics/ramda/-/ramda-0.26.1.tgz",
      "integrity": "sha1-jUE1HrgRHFU1Nhf8O7/62OTTXQY="
    },
    "react": {
      "version": "16.13.1",
      "resolved": "https://icsrepo.churchofjesuschrist.org/artifactory/api/npm/npm-ics/react/-/react-16.13.1.tgz",
      "integrity": "sha1-LoGIIvGpdDEiwGPWQQ2FweOv5I4=",
      "requires": {
        "loose-envify": "^1.1.0",
        "object-assign": "^4.1.1",
        "prop-types": "^15.6.2"
      }
    },
    "react-dom": {
      "version": "16.13.1",
      "resolved": "https://icsrepo.churchofjesuschrist.org/artifactory/api/npm/npm-ics/react-dom/-/react-dom-16.13.1.tgz",
      "integrity": "sha1-wb03MxoEhsB47lTEdAcgmTsuDn8=",
      "requires": {
        "loose-envify": "^1.1.0",
        "object-assign": "^4.1.1",
        "prop-types": "^15.6.2",
        "scheduler": "^0.19.1"
      }
    },
    "react-is": {
      "version": "16.8.6",
      "resolved": "https://icsrepo.churchofjesuschrist.org/artifactory/api/npm/npm-ics/react-is/-/react-is-16.8.6.tgz",
      "integrity": "sha1-W7weLSkUHJ+9/tRWND/ivEMKahY="
    },
    "react-markdown": {
      "version": "4.3.1",
      "resolved": "https://icsrepo.churchofjesuschrist.org/artifactory/api/npm/npm-ics/react-markdown/-/react-markdown-4.3.1.tgz",
      "integrity": "sha1-OfBjO5SgJ0RbhsmBEULQU4EwDy8=",
      "requires": {
        "html-to-react": "^1.3.4",
        "mdast-add-list-metadata": "1.0.1",
        "prop-types": "^15.7.2",
        "react-is": "^16.8.6",
        "remark-parse": "^5.0.0",
        "unified": "^6.1.5",
        "unist-util-visit": "^1.3.0",
        "xtend": "^4.0.1"
      }
    },
    "remark-parse": {
      "version": "5.0.0",
      "resolved": "https://icsrepo.churchofjesuschrist.org/artifactory/api/npm/npm-ics/remark-parse/-/remark-parse-5.0.0.tgz",
      "integrity": "sha1-TAd/nkmQRNHVwT+A16mM97koXZU=",
      "requires": {
        "collapse-white-space": "^1.0.2",
        "is-alphabetical": "^1.0.0",
        "is-decimal": "^1.0.0",
        "is-whitespace-character": "^1.0.0",
        "is-word-character": "^1.0.0",
        "markdown-escapes": "^1.0.0",
        "parse-entities": "^1.1.0",
        "repeat-string": "^1.5.4",
        "state-toggle": "^1.0.0",
        "trim": "0.0.1",
        "trim-trailing-lines": "^1.0.0",
        "unherit": "^1.0.4",
        "unist-util-remove-position": "^1.0.0",
        "vfile-location": "^2.0.0",
        "xtend": "^4.0.1"
      }
    },
    "repeat-string": {
      "version": "1.6.1",
      "resolved": "https://icsrepo.churchofjesuschrist.org/artifactory/api/npm/npm-ics/repeat-string/-/repeat-string-1.6.1.tgz",
      "integrity": "sha1-jcrkcOHIirwtYA//Sndihtp15jc="
    },
    "replace-ext": {
      "version": "1.0.0",
      "resolved": "https://icsrepo.churchofjesuschrist.org/artifactory/api/npm/npm-ics/replace-ext/-/replace-ext-1.0.0.tgz",
      "integrity": "sha1-3mMSg3P8v3w8z6TeWkgMRaZ5WOs="
    },
    "scheduler": {
      "version": "0.19.1",
      "resolved": "https://icsrepo.churchofjesuschrist.org/artifactory/api/npm/npm-ics/scheduler/-/scheduler-0.19.1.tgz",
      "integrity": "sha1-Tz4u0sGn1laB9MhU+oxaHMtA8ZY=",
      "requires": {
        "loose-envify": "^1.1.0",
        "object-assign": "^4.1.1"
      }
    },
    "shebang-command": {
      "version": "2.0.0",
      "resolved": "https://icsrepo.churchofjesuschrist.org/artifactory/api/npm/npm-ics/shebang-command/-/shebang-command-2.0.0.tgz",
      "integrity": "sha1-zNCvT4g1+9wmW4JGGq8MNmY/NOo=",
      "dev": true,
      "requires": {
        "shebang-regex": "^3.0.0"
      }
    },
    "shebang-regex": {
      "version": "3.0.0",
      "resolved": "https://icsrepo.churchofjesuschrist.org/artifactory/api/npm/npm-ics/shebang-regex/-/shebang-regex-3.0.0.tgz",
      "integrity": "sha1-rhbxZE2HPsrYQ7AwexQzYtTEIXI=",
      "dev": true
    },
    "source-map-js": {
      "version": "1.0.2",
      "resolved": "https://registry.npmjs.org/source-map-js/-/source-map-js-1.0.2.tgz",
      "integrity": "sha512-R0XvVJ9WusLiqTCEiGCmICCMplcCkIwwR11mOSD9CR5u+IXYdiseeEuXCVAjS54zqwkLcPNnmU4OeJ6tUrWhDw=="
    },
    "state-toggle": {
      "version": "1.0.3",
      "resolved": "https://icsrepo.churchofjesuschrist.org/artifactory/api/npm/npm-ics/state-toggle/-/state-toggle-1.0.3.tgz",
      "integrity": "sha1-4SOxaojhQxObCcaFIiG8mBWRff4="
    },
    "styled-jsx": {
      "version": "5.1.0",
      "resolved": "https://registry.npmjs.org/styled-jsx/-/styled-jsx-5.1.0.tgz",
      "integrity": "sha512-/iHaRJt9U7T+5tp6TRelLnqBqiaIT0HsO0+vgyj8hK2KUk7aejFqRrumqPUlAqDwAj8IbS/1hk3IhBAAK/FCUQ==",
      "requires": {
        "client-only": "0.0.1"
      }
    },
    "trim": {
      "version": "0.0.1",
      "resolved": "https://icsrepo.churchofjesuschrist.org/artifactory/api/npm/npm-ics/trim/-/trim-0.0.1.tgz",
      "integrity": "sha1-WFhUf2spB1fulczMZm+1AITEYN0="
    },
    "trim-trailing-lines": {
      "version": "1.1.3",
      "resolved": "https://icsrepo.churchofjesuschrist.org/artifactory/api/npm/npm-ics/trim-trailing-lines/-/trim-trailing-lines-1.1.3.tgz",
      "integrity": "sha1-fwc5iB/3Zle3d24Qh0EoAEtiWpQ="
    },
    "trough": {
      "version": "1.0.5",
      "resolved": "https://icsrepo.churchofjesuschrist.org/artifactory/api/npm/npm-ics/trough/-/trough-1.0.5.tgz",
      "integrity": "sha1-uLY5zvrX0LsqvTfUM/+Ck++l9AY="
    },
    "tslib": {
      "version": "2.4.1",
      "resolved": "https://registry.npmjs.org/tslib/-/tslib-2.4.1.tgz",
      "integrity": "sha512-tGyy4dAjRIEwI7BzsB0lynWgOpfqjUdq91XXAlIWD2OwKBH7oCl/GZG/HT4BOHrTlPMOASlMQ7veyTqpmRcrNA=="
    },
    "unfetch": {
      "version": "4.1.0",
      "resolved": "https://icsrepo.churchofjesuschrist.org/artifactory/api/npm/npm-ics/unfetch/-/unfetch-4.1.0.tgz",
      "integrity": "sha1-bsLdDeiH5YpN7oOgUN7YD/xBN9s="
    },
    "unherit": {
      "version": "1.1.3",
      "resolved": "https://icsrepo.churchofjesuschrist.org/artifactory/api/npm/npm-ics/unherit/-/unherit-1.1.3.tgz",
      "integrity": "sha1-bJtQPytBsmIzDIDpHIYUq9qmnCI=",
      "requires": {
        "inherits": "^2.0.0",
        "xtend": "^4.0.0"
      }
    },
    "unified": {
      "version": "6.2.0",
      "resolved": "https://icsrepo.churchofjesuschrist.org/artifactory/api/npm/npm-ics/unified/-/unified-6.2.0.tgz",
      "integrity": "sha1-f71jD3GRJtZ9QMZEt+P2FwNfbbo=",
      "requires": {
        "bail": "^1.0.0",
        "extend": "^3.0.0",
        "is-plain-obj": "^1.1.0",
        "trough": "^1.0.0",
        "vfile": "^2.0.0",
        "x-is-string": "^0.1.0"
      }
    },
    "unist-util-is": {
      "version": "3.0.0",
      "resolved": "https://icsrepo.churchofjesuschrist.org/artifactory/api/npm/npm-ics/unist-util-is/-/unist-util-is-3.0.0.tgz",
      "integrity": "sha1-2ehDgcJGjoJinkpb6dfQWi3TJM0="
    },
    "unist-util-remove-position": {
      "version": "1.1.4",
      "resolved": "https://icsrepo.churchofjesuschrist.org/artifactory/api/npm/npm-ics/unist-util-remove-position/-/unist-util-remove-position-1.1.4.tgz",
      "integrity": "sha1-7ANzSLYQLIl3A+7m0ClMpHVaICA=",
      "requires": {
        "unist-util-visit": "^1.1.0"
      }
    },
    "unist-util-stringify-position": {
      "version": "1.1.2",
      "resolved": "https://icsrepo.churchofjesuschrist.org/artifactory/api/npm/npm-ics/unist-util-stringify-position/-/unist-util-stringify-position-1.1.2.tgz",
      "integrity": "sha1-Pzf881EnncvKdICrWIm7ioMu4cY="
    },
    "unist-util-visit": {
      "version": "1.4.1",
      "resolved": "https://icsrepo.churchofjesuschrist.org/artifactory/api/npm/npm-ics/unist-util-visit/-/unist-util-visit-1.4.1.tgz",
      "integrity": "sha1-RySqqEhububibX/zyGhZYNVgseM=",
      "requires": {
        "unist-util-visit-parents": "^2.0.0"
      },
      "dependencies": {
        "unist-util-visit-parents": {
          "version": "2.1.2",
          "resolved": "https://icsrepo.churchofjesuschrist.org/artifactory/api/npm/npm-ics/unist-util-visit-parents/-/unist-util-visit-parents-2.1.2.tgz",
          "integrity": "sha1-JeQ+VTEhZvM0jK5nQ1iHgdESwek=",
          "requires": {
            "unist-util-is": "^3.0.0"
          }
        }
      }
    },
    "unist-util-visit-parents": {
      "version": "1.1.2",
      "resolved": "https://icsrepo.churchofjesuschrist.org/artifactory/api/npm/npm-ics/unist-util-visit-parents/-/unist-util-visit-parents-1.1.2.tgz",
      "integrity": "sha1-9uOv7ovb+WHA5vAo6jwEgAKMPQY="
    },
    "use-sync-external-store": {
      "version": "1.2.0",
      "resolved": "https://registry.npmjs.org/use-sync-external-store/-/use-sync-external-store-1.2.0.tgz",
      "integrity": "sha512-eEgnFxGQ1Ife9bzYs6VLi8/4X6CObHMw9Qr9tPY43iKwsPw8xE8+EFsf/2cFZ5S3esXgpWgtSCtLNS41F+sKPA=="
    },
    "vfile": {
      "version": "2.3.0",
      "resolved": "https://icsrepo.churchofjesuschrist.org/artifactory/api/npm/npm-ics/vfile/-/vfile-2.3.0.tgz",
      "integrity": "sha1-5i2OcrIOg8MkvGxnJ47ickiL+Eo=",
      "requires": {
        "is-buffer": "^1.1.4",
        "replace-ext": "1.0.0",
        "unist-util-stringify-position": "^1.0.0",
        "vfile-message": "^1.0.0"
      }
    },
    "vfile-location": {
      "version": "2.0.6",
      "resolved": "https://icsrepo.churchofjesuschrist.org/artifactory/api/npm/npm-ics/vfile-location/-/vfile-location-2.0.6.tgz",
      "integrity": "sha1-iidPOUEbhxnqVyiALhDZ4N/xUZ4="
    },
    "vfile-message": {
      "version": "1.1.1",
      "resolved": "https://icsrepo.churchofjesuschrist.org/artifactory/api/npm/npm-ics/vfile-message/-/vfile-message-1.1.1.tgz",
      "integrity": "sha1-WDOuB4od+i2W6WR4hs0ymTqzE+E=",
      "requires": {
        "unist-util-stringify-position": "^1.1.1"
      }
    },
    "which": {
      "version": "2.0.2",
      "resolved": "https://icsrepo.churchofjesuschrist.org/artifactory/api/npm/npm-ics/which/-/which-2.0.2.tgz",
      "integrity": "sha1-fGqN0KY2oDJ+ELWckobu6T8/UbE=",
      "dev": true,
      "requires": {
        "isexe": "^2.0.0"
      }
    },
    "x-is-string": {
      "version": "0.1.0",
      "resolved": "https://icsrepo.churchofjesuschrist.org/artifactory/api/npm/npm-ics/x-is-string/-/x-is-string-0.1.0.tgz",
      "integrity": "sha1-R0tQhlrzpJqcRlfwWs0UVFj3fYI="
    },
    "xtend": {
      "version": "4.0.2",
      "resolved": "https://icsrepo.churchofjesuschrist.org/artifactory/api/npm/npm-ics/xtend/-/xtend-4.0.2.tgz",
      "integrity": "sha1-u3J3n1+kZRhrH0OPZ0+jR/2121Q="
    }
  }
}
